
Microsoft Visual Studio Solution File, Format Version 12.00
# Visual Studio 15
VisualStudioVersion = 15.0.28307.572
MinimumVisualStudioVersion = 10.0.40219.1
Project("{FAE04EC0-301F-11D3-BF4B-00C04F79EFBC}") = "Baitap6_chuong3_part1", "Baitap6_chuong3_part1\Baitap6_chuong3_part1.csproj", "{3314A389-C988-46BD-8AE5-20F605654E74}"
EndProject
Global
	GlobalSection(SolutionConfigurationPlatforms) = preSolution
		Debug|Any CPU = Debug|Any CPU
		Release|Any CPU = Release|Any CPU
	EndGlobalSection
	GlobalSection(ProjectConfigurationPlatforms) = postSolution
		{3314A389-C988-46BD-8AE5-20F605654E74}.Debug|Any CPU.ActiveCfg = Debug|Any CPU
		{3314A389-C988-46BD-8AE5-20F605654E74}.Debug|Any CPU.Build.0 = Debug|Any CPU
		{3314A389-C988-46BD-8AE5-20F605654E74}.Release|Any CPU.ActiveCfg = Release|Any CPU
		{3314A389-C988-46BD-8AE5-20F605654E74}.Release|Any CPU.Build.0 = Release|Any CPU
	EndGlobalSection
	GlobalSection(SolutionProperties) = preSolution
		HideSolutionNode = FALSE
	EndGlobalSection
	GlobalSection(ExtensibilityGlobals) = postSolution
		SolutionGuid = {88BAF3B5-4400-4473-90A6-18F90F420318}
	EndGlobalSection
EndGlobal
